// !$*UTF8*$!
{
	archiveVersion = 1;
	classes = {
	};
	objectVersion = 50;
	objects = {

/* Begin PBXBuildFile section */
		66AE48C5037165B522BDACDE /* Pods_TracksItunes.framework in Frameworks */ = {isa = PBXBuildFile; fileRef = C10AE8DCA630A8BD36FFF019 /* Pods_TracksItunes.framework */; };
		C13D992F2093F7D600B1D2C4 /* AppDelegate.swift in Sources */ = {isa = PBXBuildFile; fileRef = C13D992E2093F7D600B1D2C4 /* AppDelegate.swift */; };
		C13D99342093F7D600B1D2C4 /* Main.storyboard in Resources */ = {isa = PBXBuildFile; fileRef = C13D99322093F7D600B1D2C4 /* Main.storyboard */; };
		C13D99362093F7D700B1D2C4 /* Assets.xcassets in Resources */ = {isa = PBXBuildFile; fileRef = C13D99352093F7D700B1D2C4 /* Assets.xcassets */; };
		C13D99392093F7D700B1D2C4 /* LaunchScreen.storyboard in Resources */ = {isa = PBXBuildFile; fileRef = C13D99372093F7D700B1D2C4 /* LaunchScreen.storyboard */; };
		C13D99412093F84200B1D2C4 /* TracksTableViewController.swift in Sources */ = {isa = PBXBuildFile; fileRef = C13D99402093F84200B1D2C4 /* TracksTableViewController.swift */; };
		C13D99432093F99A00B1D2C4 /* Track.swift in Sources */ = {isa = PBXBuildFile; fileRef = C13D99422093F99A00B1D2C4 /* Track.swift */; };
/* End PBXBuildFile section */

/* Begin PBXFileReference section */
		60EDCBF462A45D826CB20467 /* Pods-TracksItunes.release.xcconfig */ = {isa = PBXFileReference; includeInIndex = 1; lastKnownFileType = text.xcconfig; name = "Pods-TracksItunes.release.xcconfig"; path = "Pods/Target Support Files/Pods-TracksItunes/Pods-TracksItunes.release.xcconfig"; sourceTree = "<group>"; };
		BD63C3EAD540E3588176B44A /* Pods-TracksItunes.debug.xcconfig */ = {isa = PBXFileReference; includeInIndex = 1; lastKnownFileType = text.xcconfig; name = "Pods-TracksItunes.debug.xcconfig"; path = "Pods/Target Support Files/Pods-TracksItunes/Pods-TracksItunes.debug.xcconfig"; sourceTree = "<group>"; };
		C10AE8DCA630A8BD36FFF019 /* Pods_TracksItunes.framework */ = {isa = PBXFileReference; explicitFileType = wrapper.framework; includeInIndex = 0; path = Pods_TracksItunes.framework; sourceTree = BUILT_PRODUCTS_DIR; };
		C13D992B2093F7D600B1D2C4 /* TracksItunes.app */ = {isa = PBXFileReference; explicitFileType = wrapper.application; includeInIndex = 0; path = TracksItunes.app; sourceTree = BUILT_PRODUCTS_DIR; };
		C13D992E2093F7D600B1D2C4 /* AppDelegate.swift */ = {isa = PBXFileReference; lastKnownFileType = sourcecode.swift; path = AppDelegate.swift; sourceTree = "<group>"; };
		C13D99332093F7D600B1D2C4 /* Base */ = {isa = PBXFileReference; lastKnownFileType = file.storyboard; name = Base; path = Base.lproj/Main.storyboard; sourceTree = "<group>"; };
		C13D99352093F7D700B1D2C4 /* Assets.xcassets */ = {isa = PBXFileReference; lastKnownFileType = folder.assetcatalog; path = Assets.xcassets; sourceTree = "<group>"; };
		C13D99382093F7D700B1D2C4 /* Base */ = {isa = PBXFileReference; lastKnownFileType = file.storyboard; name = Base; path = Base.lproj/LaunchScreen.storyboard; sourceTree = "<group>"; };
		C13D993A2093F7D700B1D2C4 /* Info.plist */ = {isa = PBXFileReference; lastKnownFileType = text.plist.xml; path = Info.plist; sourceTree = "<group>"; };
		C13D99402093F84200B1D2C4 /* TracksTableViewController.swift */ = {isa = PBXFileReference; lastKnownFileType = sourcecode.swift; path = TracksTableViewController.swift; sourceTree = "<group>"; };
		C13D99422093F99A00B1D2C4 /* Track.swift */ = {isa = PBXFileReference; lastKnownFileType = sourcecode.swift; path = Track.swift; sourceTree = "<group>"; };
/* End PBXFileReference section */

/* Begin PBXFrameworksBuildPhase section */
		C13D99282093F7D600B1D2C4 /* Frameworks */ = {
			isa = PBXFrameworksBuildPhase;
			buildActionMask = 2147483647;
			files = (
				66AE48C5037165B522BDACDE /* Pods_TracksItunes.framework in Frameworks */,
			);
			runOnlyForDeploymentPostprocessing = 0;
		};
/* End PBXFrameworksBuildPhase section */

/* Begin PBXGroup section */
		73EF21E27739DA35A2C22B7B /* Pods */ = {
			isa = PBXGroup;
			children = (
				BD63C3EAD540E3588176B44A /* Pods-TracksItunes.debug.xcconfig */,
				60EDCBF462A45D826CB20467 /* Pods-TracksItunes.release.xcconfig */,
			);
			name = Pods;
			sourceTree = "<group>";
		};
		9D6AA3F71FF22FBC336571AC /* Frameworks */ = {
			isa = PBXGroup;
			children = (
				C10AE8DCA630A8BD36FFF019 /* Pods_TracksItunes.framework */,
			);
			name = Frameworks;
			sourceTree = "<group>";
		};
		C13D99222093F7D600B1D2C4 = {
			isa = PBXGroup;
			children = (
				C13D992D2093F7D600B1D2C4 /* TracksItunes */,
				C13D992C2093F7D600B1D2C4 /* Products */,
				73EF21E27739DA35A2C22B7B /* Pods */,
				9D6AA3F71FF22FBC336571AC /* Frameworks */,
			);
			sourceTree = "<group>";
		};
		C13D992C2093F7D600B1D2C4 /* Products */ = {
			isa = PBXGroup;
			children = (
				C13D992B2093F7D600B1D2C4 /* TracksItunes.app */,
			);
			name = Products;
			sourceTree = "<group>";
		};
		C13D992D2093F7D600B1D2C4 /* TracksItunes */ = {
			isa = PBXGroup;
			children = (
				C13D992E2093F7D600B1D2C4 /* AppDelegate.swift */,
				C13D99322093F7D600B1D2C4 /* Main.storyboard */,
				C13D99352093F7D700B1D2C4 /* Assets.xcassets */,
				C13D99372093F7D700B1D2C4 /* LaunchScreen.storyboard */,
				C13D993A2093F7D700B1D2C4 /* Info.plist */,
				C13D99402093F84200B1D2C4 /* TracksTableViewController.swift */,
				C13D99422093F99A00B1D2C4 /* Track.swift */,
			);
			path = TracksItunes;
			sourceTree = "<group>";
		};
/* End PBXGroup section */

/* Begin PBXNativeTarget section */
		C13D992A2093F7D600B1D2C4 /* TracksItunes */ = {
			isa = PBXNativeTarget;
			buildConfigurationList = C13D993D2093F7D700B1D2C4 /* Build configuration list for PBXNativeTarget "TracksItunes" */;
			buildPhases = (
				AC530D20482E81450E044BD6 /* [CP] Check Pods Manifest.lock */,
				C13D99272093F7D600B1D2C4 /* Sources */,
				C13D99282093F7D600B1D2C4 /* Frameworks */,
				C13D99292093F7D600B1D2C4 /* Resources */,
				D87DFCF5C202A6E03B8DA281 /* [CP] Embed Pods Frameworks */,
			);
			buildRules = (
			);
			dependencies = (
			);
			name = TracksItunes;
			productName = TracksItunes;
			productReference = C13D992B2093F7D600B1D2C4 /* TracksItunes.app */;
			productType = "com.apple.product-type.application";
		};
/* End PBXNativeTarget section */

/* Begin PBXProject section */
		C13D99232093F7D600B1D2C4 /* Project object */ = {
			isa = PBXProject;
			attributes = {
				LastSwiftUpdateCheck = 0930;
				LastUpgradeCheck = 0930;
				ORGANIZATIONNAME = iosLab;
				TargetAttributes = {
					C13D992A2093F7D600B1D2C4 = {
						CreatedOnToolsVersion = 9.3;
					};
				};
			};
			buildConfigurationList = C13D99262093F7D600B1D2C4 /* Build configuration list for PBXProject "TracksItunes" */;
			compatibilityVersion = "Xcode 9.3";
			developmentRegion = en;
			hasScannedForEncodings = 0;
			knownRegions = (
				en,
				Base,
			);
			mainGroup = C13D99222093F7D600B1D2C4;
			productRefGroup = C13D992C2093F7D600B1D2C4 /* Products */;
			projectDirPath = "";
			projectRoot = "";
			targets = (
				C13D992A2093F7D600B1D2C4 /* TracksItunes */,
			);
		};
/* End PBXProject section */

/* Begin PBXResourcesBuildPhase section */
		C13D99292093F7D600B1D2C4 /* Resources */ = {
			isa = PBXResourcesBuildPhase;
			buildActionMask = 2147483647;
			files = (
				C13D99392093F7D700B1D2C4 /* LaunchScreen.storyboard in Resources */,
				C13D99362093F7D700B1D2C4 /* Assets.xcassets in Resources */,
				C13D99342093F7D600B1D2C4 /* Main.storyboard in Resources */,
			);
			runOnlyForDeploymentPostprocessing = 0;
		};
/* End PBXResourcesBuildPhase section */

/* Begin PBXShellScriptBuildPhase section */
		AC530D20482E81450E044BD6 /* [CP] Check Pods Manifest.lock */ = {
			isa = PBXShellScriptBuildPhase;
			buildActionMask = 2147483647;
			files = (
			);
			inputPaths = (
				"${PODS_PODFILE_DIR_PATH}/Podfile.lock",
				"${PODS_ROOT}/Manifest.lock",
			);
			name = "[CP] Check Pods Manifest.lock";
			outputPaths = (
				"$(DERIVED_FILE_DIR)/Pods-TracksItunes-checkManifestLockResult.txt",
			);
			runOnlyForDeploymentPostprocessing = 0;
			shellPath = /bin/sh;
			shellScript = "diff \"${PODS_PODFILE_DIR_PATH}/Podfile.lock\" \"${PODS_ROOT}/Manifest.lock\" > /dev/null\nif [ $? != 0 ] ; then\n    # print error to STDERR\n    echo \"error: The sandbox is not in sync with the Podfile.lock. Run 'pod install' or update your CocoaPods installation.\" >&2\n    exit 1\nfi\n# This output is used by Xcode 'outputs' to avoid re-running this script phase.\necho \"SUCCESS\" > \"${SCRIPT_OUTPUT_FILE_0}\"\n";
			showEnvVarsInLog = 0;
		};
		D87DFCF5C202A6E03B8DA281 /* [CP] Embed Pods Frameworks */ = {
			isa = PBXShellScriptBuildPhase;
			buildActionMask = 2147483647;
			files = (
			);
			inputPaths = (
				"${SRCROOT}/Pods/Target Support Files/Pods-TracksItunes/Pods-TracksItunes-frameworks.sh",
				"${BUILT_PRODUCTS_DIR}/Alamofire/Alamofire.framework",
			);
			name = "[CP] Embed Pods Frameworks";
			outputPaths = (
				"${TARGET_BUILD_DIR}/${FRAMEWORKS_FOLDER_PATH}/Alamofire.framework",
			);
			runOnlyForDeploymentPostprocessing = 0;
			shellPath = /bin/sh;
			shellScript = "\"${SRCROOT}/Pods/Target Support Files/Pods-TracksItunes/Pods-TracksItunes-frameworks.sh\"\n";
			showEnvVarsInLog = 0;
		};
/* End PBXShellScriptBuildPhase section */

/* Begin PBXSourcesBuildPhase section */
		C13D99272093F7D600B1D2C4 /* Sources */ = {
			isa = PBXSourcesBuildPhase;
			buildActionMask = 2147483647;
			files = (
				C13D992F2093F7D600B1D2C4 /* AppDelegate.swift in Sources */,
				C13D99412093F84200B1D2C4 /* TracksTableViewController.swift in Sources */,
				C13D99432093F99A00B1D2C4 /* Track.swift in Sources */,
			);
			runOnlyForDeploymentPostprocessing = 0;
		};
/* End PBXSourcesBuildPhase section */

/* Begin PBXVariantGroup section */
		C13D99322093F7D600B1D2C4 /* Main.storyboard */ = {
			isa = PBXVariantGroup;
			children = (
				C13D99332093F7D600B1D2C4 /* Base */,
			);
			name = Main.storyboard;
			sourceTree = "<group>";
		};
		C13D99372093F7D700B1D2C4 /* LaunchScreen.storyboard */ = {
			isa = PBXVariantGroup;
			children = (
				C13D99382093F7D700B1D2C4 /* Base */,
			);
			name = LaunchScreen.storyboard;
			sourceTree = "<group>";
		};
/* End PBXVariantGroup section */

/* Begin XCBuildConfiguration section */
		C13D993B2093F7D700B1D2C4 /* Debug */ = {
			isa = XCBuildConfiguration;
			buildSettings = {
				ALWAYS_SEARCH_USER_PATHS = NO;
				CLANG_ANALYZER_NONNULL = YES;
				CLANG_ANALYZER_NUMBER_OBJECT_CONVERSION = YES_AGGRESSIVE;
				CLANG_CXX_LANGUAGE_STANDARD = "gnu++14";
				CLANG_CXX_LIBRARY = "libc++";
				CLANG_ENABLE_MODULES = YES;
				CLANG_ENABLE_OBJC_ARC = YES;
				CLANG_ENABLE_OBJC_WEAK = YES;
				CLANG_WARN_BLOCK_CAPTURE_AUTORELEASING = YES;
				CLANG_WARN_BOOL_CONVERSION = YES;
				CLANG_WARN_COMMA = YES;
				CLANG_WARN_CONSTANT_CONVERSION = YES;
				CLANG_WARN_DEPRECATED_OBJC_IMPLEMENTATIONS = YES;
				CLANG_WARN_DIRECT_OBJC_ISA_USAGE = YES_ERROR;
				CLANG_WARN_DOCUMENTATION_COMMENTS = YES;
				CLANG_WARN_EMPTY_BODY = YES;
				CLANG_WARN_ENUM_CONVERSION = YES;
				CLANG_WARN_INFINITE_RECURSION = YES;
				CLANG_WARN_INT_CONVERSION = YES;
				CLANG_WARN_NON_LITERAL_NULL_CONVERSION = YES;
				CLANG_WARN_OBJC_IMPLICIT_RETAIN_SELF = YES;
				CLANG_WARN_OBJC_LITERAL_CONVERSION = YES;
				CLANG_WARN_OBJC_ROOT_CLASS = YES_ERROR;
				CLANG_WARN_RANGE_LOOP_ANALYSIS = YES;
				CLANG_WARN_STRICT_PROTOTYPES = YES;
				CLANG_WARN_SUSPICIOUS_MOVE = YES;
				CLANG_WARN_UNGUARDED_AVAILABILITY = YES_AGGRESSIVE;
				CLANG_WARN_UNREACHABLE_CODE = YES;
				CLANG_WARN__DUPLICATE_METHOD_MATCH = YES;
				CODE_SIGN_IDENTITY = "iPhone Developer";
				COPY_PHASE_STRIP = NO;
				DEBUG_INFORMATION_FORMAT = dwarf;
				ENABLE_STRICT_OBJC_MSGSEND = YES;
				ENABLE_TESTABILITY = YES;
				GCC_C_LANGUAGE_STANDARD = gnu11;
				GCC_DYNAMIC_NO_PIC = NO;
				GCC_NO_COMMON_BLOCKS = YES;
				GCC_OPTIMIZATION_LEVEL = 0;
				GCC_PREPROCESSOR_DEFINITIONS = (
					"DEBUG=1",
					"$(inherited)",
				);
				GCC_WARN_64_TO_32_BIT_CONVERSION = YES;
				GCC_WARN_ABOUT_RETURN_TYPE = YES_ERROR;
				GCC_WARN_UNDECLARED_SELECTOR = YES;
				GCC_WARN_UNINITIALIZED_AUTOS = YES_AGGRESSIVE;
				GCC_WARN_UNUSED_FUNCTION = YES;
				GCC_WARN_UNUSED_VARIABLE = YES;
				IPHONEOS_DEPLOYMENT_TARGET = 11.3;
				MTL_ENABLE_DEBUG_INFO = YES;
				ONLY_ACTIVE_ARCH = YES;
				SDKROOT = iphoneos;
				SWIFT_ACTIVE_COMPILATION_CONDITIONS = DEBUG;
				SWIFT_OPTIMIZATION_LEVEL = "-Onone";
			};
			name = Debug;
		};
		C13D993C2093F7D700B1D2C4 /* Release */ = {
			isa = XCBuildConfiguration;
			buildSettings = {
				ALWAYS_SEARCH_USER_PATHS = NO;
				CLANG_ANALYZER_NONNULL = YES;
				CLANG_ANALYZER_NUMBER_OBJECT_CONVERSION = YES_AGGRESSIVE;
				CLANG_CXX_LANGUAGE_STANDARD = "gnu++14";
				CLANG_CXX_LIBRARY = "libc++";
				CLANG_ENABLE_MODULES = YES;
				CLANG_ENABLE_OBJC_ARC = YES;
				CLANG_ENABLE_OBJC_WEAK = YES;
				CLANG_WARN_BLOCK_CAPTURE_AUTORELEASING = YES;
				CLANG_WARN_BOOL_CONVERSION = YES;
				CLANG_WARN_COMMA = YES;
				CLANG_WARN_CONSTANT_CONVERSION = YES;
				CLANG_WARN_DEPRECATED_OBJC_IMPLEMENTATIONS = YES;
				CLANG_WARN_DIRECT_OBJC_ISA_USAGE = YES_ERROR;
				CLANG_WARN_DOCUMENTATION_COMMENTS = YES;
				CLANG_WARN_EMPTY_BODY = YES;
				CLANG_WARN_ENUM_CONVERSION = YES;
				CLANG_WARN_INFINITE_RECURSION = YES;
				CLANG_WARN_INT_CONVERSION = YES;
				CLANG_WARN_NON_LITERAL_NULL_CONVERSION = YES;
				CLANG_WARN_OBJC_IMPLICIT_RETAIN_SELF = YES;
				CLANG_WARN_OBJC_LITERAL_CONVERSION = YES;
				CLANG_WARN_OBJC_ROOT_CLASS = YES_ERROR;
				CLANG_WARN_RANGE_LOOP_ANALYSIS = YES;
				CLANG_WARN_STRICT_PROTOTYPES = YES;
				CLANG_WARN_SUSPICIOUS_MOVE = YES;
				CLANG_WARN_UNGUARDED_AVAILABILITY = YES_AGGRESSIVE;
				CLANG_WARN_UNREACHABLE_CODE = YES;
				CLANG_WARN__DUPLICATE_METHOD_MATCH = YES;
				CODE_SIGN_IDENTITY = "iPhone Developer";
				COPY_PHASE_STRIP = NO;
				DEBUG_INFORMATION_FORMAT = "dwarf-with-dsym";
				ENABLE_NS_ASSERTIONS = NO;
				ENABLE_STRICT_OBJC_MSGSEND = YES;
				GCC_C_LANGUAGE_STANDARD = gnu11;
				GCC_NO_COMMON_BLOCKS = YES;
				GCC_WARN_64_TO_32_BIT_CONVERSION = YES;
				GCC_WARN_ABOUT_RETURN_TYPE = YES_ERROR;
				GCC_WARN_UNDECLARED_SELECTOR = YES;
				GCC_WARN_UNINITIALIZED_AUTOS = YES_AGGRESSIVE;
				GCC_WARN_UNUSED_FUNCTION = YES;
				GCC_WARN_UNUSED_VARIABLE = YES;
				IPHONEOS_DEPLOYMENT_TARGET = 11.3;
				MTL_ENABLE_DEBUG_INFO = NO;
				SDKROOT = iphoneos;
				SWIFT_COMPILATION_MODE = wholemodule;
				SWIFT_OPTIMIZATION_LEVEL = "-O";
				VALIDATE_PRODUCT = YES;
			};
			name = Release;
		};
		C13D993E2093F7D700B1D2C4 /* Debug */ = {
			isa = XCBuildConfiguration;
			baseConfigurationReference = BD63C3EAD540E3588176B44A /* Pods-TracksItunes.debug.xcconfig */;
			buildSettings = {
				ASSETCATALOG_COMPILER_APPICON_NAME = AppIcon;
				CODE_SIGN_STYLE = Automatic;
				DEVELOPMENT_TEAM = CTB5R79WAE;
				INFOPLIST_FILE = TracksItunes/Info.plist;
				LD_RUNPATH_SEARCH_PATHS = "$(inherited) @executable_path/Frameworks";
				PRODUCT_BUNDLE_IDENTIFIER = com.ioslab.TracksItunes;
				PRODUCT_NAME = "$(TARGET_NAME)";
				SWIFT_VERSION = 4.0;
				TARGETED_DEVICE_FAMILY = "1,2";
			};
			name = Debug;
		};
		C13D993F2093F7D700B1D2C4 /* Release */ = {
			isa = XCBuildConfiguration;
			baseConfigurationReference = 60EDCBF462A45D826CB20467 /* Pods-TracksItunes.release.xcconfig */;
			buildSettings = {
				ASSETCATALOG_COMPILER_APPICON_NAME = AppIcon;
				CODE_SIGN_STYLE = Automatic;
				DEVELOPMENT_TEAM = CTB5R79WAE;
				INFOPLIST_FILE = TracksItunes/Info.plist;
				LD_RUNPATH_SEARCH_PATHS = "$(inherited) @executable_path/Frameworks";
				PRODUCT_BUNDLE_IDENTIFIER = com.ioslab.TracksItunes;
				PRODUCT_NAME = "$(TARGET_NAME)";
				SWIFT_VERSION = 4.0;
				TARGETED_DEVICE_FAMILY = "1,2";
			};
			name = Release;
		};
/* End XCBuildConfiguration section */

/* Begin XCConfigurationList section */
		C13D99262093F7D600B1D2C4 /* Build configuration list for PBXProject "TracksItunes" */ = {
			isa = XCConfigurationList;
			buildConfigurations = (
				C13D993B2093F7D700B1D2C4 /* Debug */,
				C13D993C2093F7D700B1D2C4 /* Release */,
			);
			defaultConfigurationIsVisible = 0;
			defaultConfigurationName = Release;
		};
		C13D993D2093F7D700B1D2C4 /* Build configuration list for PBXNativeTarget "TracksItunes" */ = {
			isa = XCConfigurationList;
			buildConfigurations = (
				C13D993E2093F7D700B1D2C4 /* Debug */,
				C13D993F2093F7D700B1D2C4 /* Release */,
			);
			defaultConfigurationIsVisible = 0;
			defaultConfigurationName = Release;
		};
/* End XCConfigurationList section */
	};
	rootObject = C13D99232093F7D600B1D2C4 /* Project object */;
}
