// !$*UTF8*$!
{
	archiveVersion = 1;
	classes = {
	};
	objectVersion = 50;
	objects = {

/* Begin PBXBuildFile section */
		C1FACF372149B8C00070FCDD /* AppDelegate.swift in Sources */ = {isa = PBXBuildFile; fileRef = C1FACF362149B8C00070FCDD /* AppDelegate.swift */; };
		C1FACF392149B8C00070FCDD /* ViewController.swift in Sources */ = {isa = PBXBuildFile; fileRef = C1FACF382149B8C00070FCDD /* ViewController.swift */; };
		C1FACF3C2149B8C00070FCDD /* Main.storyboard in Resources */ = {isa = PBXBuildFile; fileRef = C1FACF3A2149B8C00070FCDD /* Main.storyboard */; };
		C1FACF3E2149B8C20070FCDD /* Assets.xcassets in Resources */ = {isa = PBXBuildFile; fileRef = C1FACF3D2149B8C20070FCDD /* Assets.xcassets */; };
		C1FACF412149B8C20070FCDD /* LaunchScreen.storyboard in Resources */ = {isa = PBXBuildFile; fileRef = C1FACF3F2149B8C20070FCDD /* LaunchScreen.storyboard */; };
		C1FACF492149B9BF0070FCDD /* botoncito.swift in Sources */ = {isa = PBXBuildFile; fileRef = C1FACF482149B9BF0070FCDD /* botoncito.swift */; };
/* End PBXBuildFile section */

/* Begin PBXFileReference section */
		C1FACF332149B8C00070FCDD /* boton.app */ = {isa = PBXFileReference; explicitFileType = wrapper.application; includeInIndex = 0; path = boton.app; sourceTree = BUILT_PRODUCTS_DIR; };
		C1FACF362149B8C00070FCDD /* AppDelegate.swift */ = {isa = PBXFileReference; lastKnownFileType = sourcecode.swift; path = AppDelegate.swift; sourceTree = "<group>"; };
		C1FACF382149B8C00070FCDD /* ViewController.swift */ = {isa = PBXFileReference; lastKnownFileType = sourcecode.swift; path = ViewController.swift; sourceTree = "<group>"; };
		C1FACF3B2149B8C00070FCDD /* Base */ = {isa = PBXFileReference; lastKnownFileType = file.storyboard; name = Base; path = Base.lproj/Main.storyboard; sourceTree = "<group>"; };
		C1FACF3D2149B8C20070FCDD /* Assets.xcassets */ = {isa = PBXFileReference; lastKnownFileType = folder.assetcatalog; path = Assets.xcassets; sourceTree = "<group>"; };
		C1FACF402149B8C20070FCDD /* Base */ = {isa = PBXFileReference; lastKnownFileType = file.storyboard; name = Base; path = Base.lproj/LaunchScreen.storyboard; sourceTree = "<group>"; };
		C1FACF422149B8C20070FCDD /* Info.plist */ = {isa = PBXFileReference; lastKnownFileType = text.plist.xml; path = Info.plist; sourceTree = "<group>"; };
		C1FACF482149B9BF0070FCDD /* botoncito.swift */ = {isa = PBXFileReference; lastKnownFileType = sourcecode.swift; path = botoncito.swift; sourceTree = "<group>"; };
/* End PBXFileReference section */

/* Begin PBXFrameworksBuildPhase section */
		C1FACF302149B8C00070FCDD /* Frameworks */ = {
			isa = PBXFrameworksBuildPhase;
			buildActionMask = 2147483647;
			files = (
			);
			runOnlyForDeploymentPostprocessing = 0;
		};
/* End PBXFrameworksBuildPhase section */

/* Begin PBXGroup section */
		C1FACF2A2149B8C00070FCDD = {
			isa = PBXGroup;
			children = (
				C1FACF352149B8C00070FCDD /* boton */,
				C1FACF342149B8C00070FCDD /* Products */,
			);
			sourceTree = "<group>";
		};
		C1FACF342149B8C00070FCDD /* Products */ = {
			isa = PBXGroup;
			children = (
				C1FACF332149B8C00070FCDD /* boton.app */,
			);
			name = Products;
			sourceTree = "<group>";
		};
		C1FACF352149B8C00070FCDD /* boton */ = {
			isa = PBXGroup;
			children = (
				C1FACF362149B8C00070FCDD /* AppDelegate.swift */,
				C1FACF382149B8C00070FCDD /* ViewController.swift */,
				C1FACF3A2149B8C00070FCDD /* Main.storyboard */,
				C1FACF3D2149B8C20070FCDD /* Assets.xcassets */,
				C1FACF3F2149B8C20070FCDD /* LaunchScreen.storyboard */,
				C1FACF422149B8C20070FCDD /* Info.plist */,
				C1FACF482149B9BF0070FCDD /* botoncito.swift */,
			);
			path = boton;
			sourceTree = "<group>";
		};
/* End PBXGroup section */

/* Begin PBXNativeTarget section */
		C1FACF322149B8C00070FCDD /* boton */ = {
			isa = PBXNativeTarget;
			buildConfigurationList = C1FACF452149B8C20070FCDD /* Build configuration list for PBXNativeTarget "boton" */;
			buildPhases = (
				C1FACF2F2149B8C00070FCDD /* Sources */,
				C1FACF302149B8C00070FCDD /* Frameworks */,
				C1FACF312149B8C00070FCDD /* Resources */,
			);
			buildRules = (
			);
			dependencies = (
			);
			name = boton;
			productName = boton;
			productReference = C1FACF332149B8C00070FCDD /* boton.app */;
			productType = "com.apple.product-type.application";
		};
/* End PBXNativeTarget section */

/* Begin PBXProject section */
		C1FACF2B2149B8C00070FCDD /* Project object */ = {
			isa = PBXProject;
			attributes = {
				LastSwiftUpdateCheck = 0940;
				LastUpgradeCheck = 0940;
				ORGANIZATIONNAME = iosLab;
				TargetAttributes = {
					C1FACF322149B8C00070FCDD = {
						CreatedOnToolsVersion = 9.4.1;
					};
				};
			};
			buildConfigurationList = C1FACF2E2149B8C00070FCDD /* Build configuration list for PBXProject "boton" */;
			compatibilityVersion = "Xcode 9.3";
			developmentRegion = en;
			hasScannedForEncodings = 0;
			knownRegions = (
				en,
				Base,
			);
			mainGroup = C1FACF2A2149B8C00070FCDD;
			productRefGroup = C1FACF342149B8C00070FCDD /* Products */;
			projectDirPath = "";
			projectRoot = "";
			targets = (
				C1FACF322149B8C00070FCDD /* boton */,
			);
		};
/* End PBXProject section */

/* Begin PBXResourcesBuildPhase section */
		C1FACF312149B8C00070FCDD /* Resources */ = {
			isa = PBXResourcesBuildPhase;
			buildActionMask = 2147483647;
			files = (
				C1FACF412149B8C20070FCDD /* LaunchScreen.storyboard in Resources */,
				C1FACF3E2149B8C20070FCDD /* Assets.xcassets in Resources */,
				C1FACF3C2149B8C00070FCDD /* Main.storyboard in Resources */,
			);
			runOnlyForDeploymentPostprocessing = 0;
		};
/* End PBXResourcesBuildPhase section */

/* Begin PBXSourcesBuildPhase section */
		C1FACF2F2149B8C00070FCDD /* Sources */ = {
			isa = PBXSourcesBuildPhase;
			buildActionMask = 2147483647;
			files = (
				C1FACF492149B9BF0070FCDD /* botoncito.swift in Sources */,
				C1FACF392149B8C00070FCDD /* ViewController.swift in Sources */,
				C1FACF372149B8C00070FCDD /* AppDelegate.swift in Sources */,
			);
			runOnlyForDeploymentPostprocessing = 0;
		};
/* End PBXSourcesBuildPhase section */

/* Begin PBXVariantGroup section */
		C1FACF3A2149B8C00070FCDD /* Main.storyboard */ = {
			isa = PBXVariantGroup;
			children = (
				C1FACF3B2149B8C00070FCDD /* Base */,
			);
			name = Main.storyboard;
			sourceTree = "<group>";
		};
		C1FACF3F2149B8C20070FCDD /* LaunchScreen.storyboard */ = {
			isa = PBXVariantGroup;
			children = (
				C1FACF402149B8C20070FCDD /* Base */,
			);
			name = LaunchScreen.storyboard;
			sourceTree = "<group>";
		};
/* End PBXVariantGroup section */

/* Begin XCBuildConfiguration section */
		C1FACF432149B8C20070FCDD /* Debug */ = {
			isa = XCBuildConfiguration;
			buildSettings = {
				ALWAYS_SEARCH_USER_PATHS = NO;
				CLANG_ANALYZER_NONNULL = YES;
				CLANG_ANALYZER_NUMBER_OBJECT_CONVERSION = YES_AGGRESSIVE;
				CLANG_CXX_LANGUAGE_STANDARD = "gnu++14";
				CLANG_CXX_LIBRARY = "libc++";
				CLANG_ENABLE_MODULES = YES;
				CLANG_ENABLE_OBJC_ARC = YES;
				CLANG_ENABLE_OBJC_WEAK = YES;
				CLANG_WARN_BLOCK_CAPTURE_AUTORELEASING = YES;
				CLANG_WARN_BOOL_CONVERSION = YES;
				CLANG_WARN_COMMA = YES;
				CLANG_WARN_CONSTANT_CONVERSION = YES;
				CLANG_WARN_DEPRECATED_OBJC_IMPLEMENTATIONS = YES;
				CLANG_WARN_DIRECT_OBJC_ISA_USAGE = YES_ERROR;
				CLANG_WARN_DOCUMENTATION_COMMENTS = YES;
				CLANG_WARN_EMPTY_BODY = YES;
				CLANG_WARN_ENUM_CONVERSION = YES;
				CLANG_WARN_INFINITE_RECURSION = YES;
				CLANG_WARN_INT_CONVERSION = YES;
				CLANG_WARN_NON_LITERAL_NULL_CONVERSION = YES;
				CLANG_WARN_OBJC_IMPLICIT_RETAIN_SELF = YES;
				CLANG_WARN_OBJC_LITERAL_CONVERSION = YES;
				CLANG_WARN_OBJC_ROOT_CLASS = YES_ERROR;
				CLANG_WARN_RANGE_LOOP_ANALYSIS = YES;
				CLANG_WARN_STRICT_PROTOTYPES = YES;
				CLANG_WARN_SUSPICIOUS_MOVE = YES;
				CLANG_WARN_UNGUARDED_AVAILABILITY = YES_AGGRESSIVE;
				CLANG_WARN_UNREACHABLE_CODE = YES;
				CLANG_WARN__DUPLICATE_METHOD_MATCH = YES;
				CODE_SIGN_IDENTITY = "iPhone Developer";
				COPY_PHASE_STRIP = NO;
				DEBUG_INFORMATION_FORMAT = dwarf;
				ENABLE_STRICT_OBJC_MSGSEND = YES;
				ENABLE_TESTABILITY = YES;
				GCC_C_LANGUAGE_STANDARD = gnu11;
				GCC_DYNAMIC_NO_PIC = NO;
				GCC_NO_COMMON_BLOCKS = YES;
				GCC_OPTIMIZATION_LEVEL = 0;
				GCC_PREPROCESSOR_DEFINITIONS = (
					"DEBUG=1",
					"$(inherited)",
				);
				GCC_WARN_64_TO_32_BIT_CONVERSION = YES;
				GCC_WARN_ABOUT_RETURN_TYPE = YES_ERROR;
				GCC_WARN_UNDECLARED_SELECTOR = YES;
				GCC_WARN_UNINITIALIZED_AUTOS = YES_AGGRESSIVE;
				GCC_WARN_UNUSED_FUNCTION = YES;
				GCC_WARN_UNUSED_VARIABLE = YES;
				IPHONEOS_DEPLOYMENT_TARGET = 11.4;
				MTL_ENABLE_DEBUG_INFO = YES;
				ONLY_ACTIVE_ARCH = YES;
				SDKROOT = iphoneos;
				SWIFT_ACTIVE_COMPILATION_CONDITIONS = DEBUG;
				SWIFT_OPTIMIZATION_LEVEL = "-Onone";
			};
			name = Debug;
		};
		C1FACF442149B8C20070FCDD /* Release */ = {
			isa = XCBuildConfiguration;
			buildSettings = {
				ALWAYS_SEARCH_USER_PATHS = NO;
				CLANG_ANALYZER_NONNULL = YES;
				CLANG_ANALYZER_NUMBER_OBJECT_CONVERSION = YES_AGGRESSIVE;
				CLANG_CXX_LANGUAGE_STANDARD = "gnu++14";
				CLANG_CXX_LIBRARY = "libc++";
				CLANG_ENABLE_MODULES = YES;
				CLANG_ENABLE_OBJC_ARC = YES;
				CLANG_ENABLE_OBJC_WEAK = YES;
				CLANG_WARN_BLOCK_CAPTURE_AUTORELEASING = YES;
				CLANG_WARN_BOOL_CONVERSION = YES;
				CLANG_WARN_COMMA = YES;
				CLANG_WARN_CONSTANT_CONVERSION = YES;
				CLANG_WARN_DEPRECATED_OBJC_IMPLEMENTATIONS = YES;
				CLANG_WARN_DIRECT_OBJC_ISA_USAGE = YES_ERROR;
				CLANG_WARN_DOCUMENTATION_COMMENTS = YES;
				CLANG_WARN_EMPTY_BODY = YES;
				CLANG_WARN_ENUM_CONVERSION = YES;
				CLANG_WARN_INFINITE_RECURSION = YES;
				CLANG_WARN_INT_CONVERSION = YES;
				CLANG_WARN_NON_LITERAL_NULL_CONVERSION = YES;
				CLANG_WARN_OBJC_IMPLICIT_RETAIN_SELF = YES;
				CLANG_WARN_OBJC_LITERAL_CONVERSION = YES;
				CLANG_WARN_OBJC_ROOT_CLASS = YES_ERROR;
				CLANG_WARN_RANGE_LOOP_ANALYSIS = YES;
				CLANG_WARN_STRICT_PROTOTYPES = YES;
				CLANG_WARN_SUSPICIOUS_MOVE = YES;
				CLANG_WARN_UNGUARDED_AVAILABILITY = YES_AGGRESSIVE;
				CLANG_WARN_UNREACHABLE_CODE = YES;
				CLANG_WARN__DUPLICATE_METHOD_MATCH = YES;
				CODE_SIGN_IDENTITY = "iPhone Developer";
				COPY_PHASE_STRIP = NO;
				DEBUG_INFORMATION_FORMAT = "dwarf-with-dsym";
				ENABLE_NS_ASSERTIONS = NO;
				ENABLE_STRICT_OBJC_MSGSEND = YES;
				GCC_C_LANGUAGE_STANDARD = gnu11;
				GCC_NO_COMMON_BLOCKS = YES;
				GCC_WARN_64_TO_32_BIT_CONVERSION = YES;
				GCC_WARN_ABOUT_RETURN_TYPE = YES_ERROR;
				GCC_WARN_UNDECLARED_SELECTOR = YES;
				GCC_WARN_UNINITIALIZED_AUTOS = YES_AGGRESSIVE;
				GCC_WARN_UNUSED_FUNCTION = YES;
				GCC_WARN_UNUSED_VARIABLE = YES;
				IPHONEOS_DEPLOYMENT_TARGET = 11.4;
				MTL_ENABLE_DEBUG_INFO = NO;
				SDKROOT = iphoneos;
				SWIFT_COMPILATION_MODE = wholemodule;
				SWIFT_OPTIMIZATION_LEVEL = "-O";
				VALIDATE_PRODUCT = YES;
			};
			name = Release;
		};
		C1FACF462149B8C20070FCDD /* Debug */ = {
			isa = XCBuildConfiguration;
			buildSettings = {
				ASSETCATALOG_COMPILER_APPICON_NAME = AppIcon;
				CODE_SIGN_STYLE = Automatic;
				DEVELOPMENT_TEAM = CTB5R79WAE;
				INFOPLIST_FILE = boton/Info.plist;
				LD_RUNPATH_SEARCH_PATHS = (
					"$(inherited)",
					"@executable_path/Frameworks",
				);
				PRODUCT_BUNDLE_IDENTIFIER = com.ioslab.boton;
				PRODUCT_NAME = "$(TARGET_NAME)";
				SWIFT_VERSION = 4.0;
				TARGETED_DEVICE_FAMILY = "1,2";
			};
			name = Debug;
		};
		C1FACF472149B8C20070FCDD /* Release */ = {
			isa = XCBuildConfiguration;
			buildSettings = {
				ASSETCATALOG_COMPILER_APPICON_NAME = AppIcon;
				CODE_SIGN_STYLE = Automatic;
				DEVELOPMENT_TEAM = CTB5R79WAE;
				INFOPLIST_FILE = boton/Info.plist;
				LD_RUNPATH_SEARCH_PATHS = (
					"$(inherited)",
					"@executable_path/Frameworks",
				);
				PRODUCT_BUNDLE_IDENTIFIER = com.ioslab.boton;
				PRODUCT_NAME = "$(TARGET_NAME)";
				SWIFT_VERSION = 4.0;
				TARGETED_DEVICE_FAMILY = "1,2";
			};
			name = Release;
		};
/* End XCBuildConfiguration section */

/* Begin XCConfigurationList section */
		C1FACF2E2149B8C00070FCDD /* Build configuration list for PBXProject "boton" */ = {
			isa = XCConfigurationList;
			buildConfigurations = (
				C1FACF432149B8C20070FCDD /* Debug */,
				C1FACF442149B8C20070FCDD /* Release */,
			);
			defaultConfigurationIsVisible = 0;
			defaultConfigurationName = Release;
		};
		C1FACF452149B8C20070FCDD /* Build configuration list for PBXNativeTarget "boton" */ = {
			isa = XCConfigurationList;
			buildConfigurations = (
				C1FACF462149B8C20070FCDD /* Debug */,
				C1FACF472149B8C20070FCDD /* Release */,
			);
			defaultConfigurationIsVisible = 0;
			defaultConfigurationName = Release;
		};
/* End XCConfigurationList section */
	};
	rootObject = C1FACF2B2149B8C00070FCDD /* Project object */;
}
