// !$*UTF8*$!
{
	archiveVersion = 1;
	classes = {
	};
	objectVersion = 50;
	objects = {

/* Begin PBXBuildFile section */
		C15E3879212788BF002DE1C3 /* AppDelegate.swift in Sources */ = {isa = PBXBuildFile; fileRef = C15E3878212788BF002DE1C3 /* AppDelegate.swift */; };
		C15E387B212788BF002DE1C3 /* ViewController.swift in Sources */ = {isa = PBXBuildFile; fileRef = C15E387A212788BF002DE1C3 /* ViewController.swift */; };
		C15E387E212788BF002DE1C3 /* Main.storyboard in Resources */ = {isa = PBXBuildFile; fileRef = C15E387C212788BF002DE1C3 /* Main.storyboard */; };
		C15E3880212788BF002DE1C3 /* Assets.xcassets in Resources */ = {isa = PBXBuildFile; fileRef = C15E387F212788BF002DE1C3 /* Assets.xcassets */; };
		C15E3883212788BF002DE1C3 /* LaunchScreen.storyboard in Resources */ = {isa = PBXBuildFile; fileRef = C15E3881212788BF002DE1C3 /* LaunchScreen.storyboard */; };
		C1C000CA212790F600B5B452 /* AlumnoViewController.swift in Sources */ = {isa = PBXBuildFile; fileRef = C1C000C8212790F600B5B452 /* AlumnoViewController.swift */; };
		C1C000CB212790F600B5B452 /* AlumnoViewController.xib in Resources */ = {isa = PBXBuildFile; fileRef = C1C000C9212790F600B5B452 /* AlumnoViewController.xib */; };
/* End PBXBuildFile section */

/* Begin PBXFileReference section */
		C15E3875212788BF002DE1C3 /* ejemplo1.app */ = {isa = PBXFileReference; explicitFileType = wrapper.application; includeInIndex = 0; path = ejemplo1.app; sourceTree = BUILT_PRODUCTS_DIR; };
		C15E3878212788BF002DE1C3 /* AppDelegate.swift */ = {isa = PBXFileReference; lastKnownFileType = sourcecode.swift; path = AppDelegate.swift; sourceTree = "<group>"; };
		C15E387A212788BF002DE1C3 /* ViewController.swift */ = {isa = PBXFileReference; lastKnownFileType = sourcecode.swift; path = ViewController.swift; sourceTree = "<group>"; };
		C15E387D212788BF002DE1C3 /* Base */ = {isa = PBXFileReference; lastKnownFileType = file.storyboard; name = Base; path = Base.lproj/Main.storyboard; sourceTree = "<group>"; };
		C15E387F212788BF002DE1C3 /* Assets.xcassets */ = {isa = PBXFileReference; lastKnownFileType = folder.assetcatalog; path = Assets.xcassets; sourceTree = "<group>"; };
		C15E3882212788BF002DE1C3 /* Base */ = {isa = PBXFileReference; lastKnownFileType = file.storyboard; name = Base; path = Base.lproj/LaunchScreen.storyboard; sourceTree = "<group>"; };
		C15E3884212788C0002DE1C3 /* Info.plist */ = {isa = PBXFileReference; lastKnownFileType = text.plist.xml; path = Info.plist; sourceTree = "<group>"; };
		C1C000C8212790F600B5B452 /* AlumnoViewController.swift */ = {isa = PBXFileReference; lastKnownFileType = sourcecode.swift; path = AlumnoViewController.swift; sourceTree = "<group>"; };
		C1C000C9212790F600B5B452 /* AlumnoViewController.xib */ = {isa = PBXFileReference; lastKnownFileType = file.xib; path = AlumnoViewController.xib; sourceTree = "<group>"; };
/* End PBXFileReference section */

/* Begin PBXFrameworksBuildPhase section */
		C15E3872212788BF002DE1C3 /* Frameworks */ = {
			isa = PBXFrameworksBuildPhase;
			buildActionMask = 2147483647;
			files = (
			);
			runOnlyForDeploymentPostprocessing = 0;
		};
/* End PBXFrameworksBuildPhase section */

/* Begin PBXGroup section */
		C15E386C212788BF002DE1C3 = {
			isa = PBXGroup;
			children = (
				C15E3877212788BF002DE1C3 /* ejemplo1 */,
				C15E3876212788BF002DE1C3 /* Products */,
			);
			sourceTree = "<group>";
		};
		C15E3876212788BF002DE1C3 /* Products */ = {
			isa = PBXGroup;
			children = (
				C15E3875212788BF002DE1C3 /* ejemplo1.app */,
			);
			name = Products;
			sourceTree = "<group>";
		};
		C15E3877212788BF002DE1C3 /* ejemplo1 */ = {
			isa = PBXGroup;
			children = (
				C15E3878212788BF002DE1C3 /* AppDelegate.swift */,
				C15E387A212788BF002DE1C3 /* ViewController.swift */,
				C1C000C8212790F600B5B452 /* AlumnoViewController.swift */,
				C1C000C9212790F600B5B452 /* AlumnoViewController.xib */,
				C15E387C212788BF002DE1C3 /* Main.storyboard */,
				C15E387F212788BF002DE1C3 /* Assets.xcassets */,
				C15E3881212788BF002DE1C3 /* LaunchScreen.storyboard */,
				C15E3884212788C0002DE1C3 /* Info.plist */,
			);
			path = ejemplo1;
			sourceTree = "<group>";
		};
/* End PBXGroup section */

/* Begin PBXNativeTarget section */
		C15E3874212788BF002DE1C3 /* ejemplo1 */ = {
			isa = PBXNativeTarget;
			buildConfigurationList = C15E3887212788C0002DE1C3 /* Build configuration list for PBXNativeTarget "ejemplo1" */;
			buildPhases = (
				C15E3871212788BF002DE1C3 /* Sources */,
				C15E3872212788BF002DE1C3 /* Frameworks */,
				C15E3873212788BF002DE1C3 /* Resources */,
			);
			buildRules = (
			);
			dependencies = (
			);
			name = ejemplo1;
			productName = ejemplo1;
			productReference = C15E3875212788BF002DE1C3 /* ejemplo1.app */;
			productType = "com.apple.product-type.application";
		};
/* End PBXNativeTarget section */

/* Begin PBXProject section */
		C15E386D212788BF002DE1C3 /* Project object */ = {
			isa = PBXProject;
			attributes = {
				LastSwiftUpdateCheck = 0940;
				LastUpgradeCheck = 0940;
				ORGANIZATIONNAME = iosLab;
				TargetAttributes = {
					C15E3874212788BF002DE1C3 = {
						CreatedOnToolsVersion = 9.4.1;
					};
				};
			};
			buildConfigurationList = C15E3870212788BF002DE1C3 /* Build configuration list for PBXProject "ejemplo1" */;
			compatibilityVersion = "Xcode 9.3";
			developmentRegion = en;
			hasScannedForEncodings = 0;
			knownRegions = (
				en,
				Base,
			);
			mainGroup = C15E386C212788BF002DE1C3;
			productRefGroup = C15E3876212788BF002DE1C3 /* Products */;
			projectDirPath = "";
			projectRoot = "";
			targets = (
				C15E3874212788BF002DE1C3 /* ejemplo1 */,
			);
		};
/* End PBXProject section */

/* Begin PBXResourcesBuildPhase section */
		C15E3873212788BF002DE1C3 /* Resources */ = {
			isa = PBXResourcesBuildPhase;
			buildActionMask = 2147483647;
			files = (
				C1C000CB212790F600B5B452 /* AlumnoViewController.xib in Resources */,
				C15E3883212788BF002DE1C3 /* LaunchScreen.storyboard in Resources */,
				C15E3880212788BF002DE1C3 /* Assets.xcassets in Resources */,
				C15E387E212788BF002DE1C3 /* Main.storyboard in Resources */,
			);
			runOnlyForDeploymentPostprocessing = 0;
		};
/* End PBXResourcesBuildPhase section */

/* Begin PBXSourcesBuildPhase section */
		C15E3871212788BF002DE1C3 /* Sources */ = {
			isa = PBXSourcesBuildPhase;
			buildActionMask = 2147483647;
			files = (
				C1C000CA212790F600B5B452 /* AlumnoViewController.swift in Sources */,
				C15E387B212788BF002DE1C3 /* ViewController.swift in Sources */,
				C15E3879212788BF002DE1C3 /* AppDelegate.swift in Sources */,
			);
			runOnlyForDeploymentPostprocessing = 0;
		};
/* End PBXSourcesBuildPhase section */

/* Begin PBXVariantGroup section */
		C15E387C212788BF002DE1C3 /* Main.storyboard */ = {
			isa = PBXVariantGroup;
			children = (
				C15E387D212788BF002DE1C3 /* Base */,
			);
			name = Main.storyboard;
			sourceTree = "<group>";
		};
		C15E3881212788BF002DE1C3 /* LaunchScreen.storyboard */ = {
			isa = PBXVariantGroup;
			children = (
				C15E3882212788BF002DE1C3 /* Base */,
			);
			name = LaunchScreen.storyboard;
			sourceTree = "<group>";
		};
/* End PBXVariantGroup section */

/* Begin XCBuildConfiguration section */
		C15E3885212788C0002DE1C3 /* Debug */ = {
			isa = XCBuildConfiguration;
			buildSettings = {
				ALWAYS_SEARCH_USER_PATHS = NO;
				CLANG_ANALYZER_NONNULL = YES;
				CLANG_ANALYZER_NUMBER_OBJECT_CONVERSION = YES_AGGRESSIVE;
				CLANG_CXX_LANGUAGE_STANDARD = "gnu++14";
				CLANG_CXX_LIBRARY = "libc++";
				CLANG_ENABLE_MODULES = YES;
				CLANG_ENABLE_OBJC_ARC = YES;
				CLANG_ENABLE_OBJC_WEAK = YES;
				CLANG_WARN_BLOCK_CAPTURE_AUTORELEASING = YES;
				CLANG_WARN_BOOL_CONVERSION = YES;
				CLANG_WARN_COMMA = YES;
				CLANG_WARN_CONSTANT_CONVERSION = YES;
				CLANG_WARN_DEPRECATED_OBJC_IMPLEMENTATIONS = YES;
				CLANG_WARN_DIRECT_OBJC_ISA_USAGE = YES_ERROR;
				CLANG_WARN_DOCUMENTATION_COMMENTS = YES;
				CLANG_WARN_EMPTY_BODY = YES;
				CLANG_WARN_ENUM_CONVERSION = YES;
				CLANG_WARN_INFINITE_RECURSION = YES;
				CLANG_WARN_INT_CONVERSION = YES;
				CLANG_WARN_NON_LITERAL_NULL_CONVERSION = YES;
				CLANG_WARN_OBJC_IMPLICIT_RETAIN_SELF = YES;
				CLANG_WARN_OBJC_LITERAL_CONVERSION = YES;
				CLANG_WARN_OBJC_ROOT_CLASS = YES_ERROR;
				CLANG_WARN_RANGE_LOOP_ANALYSIS = YES;
				CLANG_WARN_STRICT_PROTOTYPES = YES;
				CLANG_WARN_SUSPICIOUS_MOVE = YES;
				CLANG_WARN_UNGUARDED_AVAILABILITY = YES_AGGRESSIVE;
				CLANG_WARN_UNREACHABLE_CODE = YES;
				CLANG_WARN__DUPLICATE_METHOD_MATCH = YES;
				CODE_SIGN_IDENTITY = "iPhone Developer";
				COPY_PHASE_STRIP = NO;
				DEBUG_INFORMATION_FORMAT = dwarf;
				ENABLE_STRICT_OBJC_MSGSEND = YES;
				ENABLE_TESTABILITY = YES;
				GCC_C_LANGUAGE_STANDARD = gnu11;
				GCC_DYNAMIC_NO_PIC = NO;
				GCC_NO_COMMON_BLOCKS = YES;
				GCC_OPTIMIZATION_LEVEL = 0;
				GCC_PREPROCESSOR_DEFINITIONS = (
					"DEBUG=1",
					"$(inherited)",
				);
				GCC_WARN_64_TO_32_BIT_CONVERSION = YES;
				GCC_WARN_ABOUT_RETURN_TYPE = YES_ERROR;
				GCC_WARN_UNDECLARED_SELECTOR = YES;
				GCC_WARN_UNINITIALIZED_AUTOS = YES_AGGRESSIVE;
				GCC_WARN_UNUSED_FUNCTION = YES;
				GCC_WARN_UNUSED_VARIABLE = YES;
				IPHONEOS_DEPLOYMENT_TARGET = 11.4;
				MTL_ENABLE_DEBUG_INFO = YES;
				ONLY_ACTIVE_ARCH = YES;
				SDKROOT = iphoneos;
				SWIFT_ACTIVE_COMPILATION_CONDITIONS = DEBUG;
				SWIFT_OPTIMIZATION_LEVEL = "-Onone";
			};
			name = Debug;
		};
		C15E3886212788C0002DE1C3 /* Release */ = {
			isa = XCBuildConfiguration;
			buildSettings = {
				ALWAYS_SEARCH_USER_PATHS = NO;
				CLANG_ANALYZER_NONNULL = YES;
				CLANG_ANALYZER_NUMBER_OBJECT_CONVERSION = YES_AGGRESSIVE;
				CLANG_CXX_LANGUAGE_STANDARD = "gnu++14";
				CLANG_CXX_LIBRARY = "libc++";
				CLANG_ENABLE_MODULES = YES;
				CLANG_ENABLE_OBJC_ARC = YES;
				CLANG_ENABLE_OBJC_WEAK = YES;
				CLANG_WARN_BLOCK_CAPTURE_AUTORELEASING = YES;
				CLANG_WARN_BOOL_CONVERSION = YES;
				CLANG_WARN_COMMA = YES;
				CLANG_WARN_CONSTANT_CONVERSION = YES;
				CLANG_WARN_DEPRECATED_OBJC_IMPLEMENTATIONS = YES;
				CLANG_WARN_DIRECT_OBJC_ISA_USAGE = YES_ERROR;
				CLANG_WARN_DOCUMENTATION_COMMENTS = YES;
				CLANG_WARN_EMPTY_BODY = YES;
				CLANG_WARN_ENUM_CONVERSION = YES;
				CLANG_WARN_INFINITE_RECURSION = YES;
				CLANG_WARN_INT_CONVERSION = YES;
				CLANG_WARN_NON_LITERAL_NULL_CONVERSION = YES;
				CLANG_WARN_OBJC_IMPLICIT_RETAIN_SELF = YES;
				CLANG_WARN_OBJC_LITERAL_CONVERSION = YES;
				CLANG_WARN_OBJC_ROOT_CLASS = YES_ERROR;
				CLANG_WARN_RANGE_LOOP_ANALYSIS = YES;
				CLANG_WARN_STRICT_PROTOTYPES = YES;
				CLANG_WARN_SUSPICIOUS_MOVE = YES;
				CLANG_WARN_UNGUARDED_AVAILABILITY = YES_AGGRESSIVE;
				CLANG_WARN_UNREACHABLE_CODE = YES;
				CLANG_WARN__DUPLICATE_METHOD_MATCH = YES;
				CODE_SIGN_IDENTITY = "iPhone Developer";
				COPY_PHASE_STRIP = NO;
				DEBUG_INFORMATION_FORMAT = "dwarf-with-dsym";
				ENABLE_NS_ASSERTIONS = NO;
				ENABLE_STRICT_OBJC_MSGSEND = YES;
				GCC_C_LANGUAGE_STANDARD = gnu11;
				GCC_NO_COMMON_BLOCKS = YES;
				GCC_WARN_64_TO_32_BIT_CONVERSION = YES;
				GCC_WARN_ABOUT_RETURN_TYPE = YES_ERROR;
				GCC_WARN_UNDECLARED_SELECTOR = YES;
				GCC_WARN_UNINITIALIZED_AUTOS = YES_AGGRESSIVE;
				GCC_WARN_UNUSED_FUNCTION = YES;
				GCC_WARN_UNUSED_VARIABLE = YES;
				IPHONEOS_DEPLOYMENT_TARGET = 11.4;
				MTL_ENABLE_DEBUG_INFO = NO;
				SDKROOT = iphoneos;
				SWIFT_COMPILATION_MODE = wholemodule;
				SWIFT_OPTIMIZATION_LEVEL = "-O";
				VALIDATE_PRODUCT = YES;
			};
			name = Release;
		};
		C15E3888212788C0002DE1C3 /* Debug */ = {
			isa = XCBuildConfiguration;
			buildSettings = {
				ASSETCATALOG_COMPILER_APPICON_NAME = AppIcon;
				CODE_SIGN_STYLE = Automatic;
				DEVELOPMENT_TEAM = CTB5R79WAE;
				INFOPLIST_FILE = ejemplo1/Info.plist;
				LD_RUNPATH_SEARCH_PATHS = (
					"$(inherited)",
					"@executable_path/Frameworks",
				);
				PRODUCT_BUNDLE_IDENTIFIER = com.ioslab.ejemplo1;
				PRODUCT_NAME = "$(TARGET_NAME)";
				SWIFT_VERSION = 4.0;
				TARGETED_DEVICE_FAMILY = "1,2";
			};
			name = Debug;
		};
		C15E3889212788C0002DE1C3 /* Release */ = {
			isa = XCBuildConfiguration;
			buildSettings = {
				ASSETCATALOG_COMPILER_APPICON_NAME = AppIcon;
				CODE_SIGN_STYLE = Automatic;
				DEVELOPMENT_TEAM = CTB5R79WAE;
				INFOPLIST_FILE = ejemplo1/Info.plist;
				LD_RUNPATH_SEARCH_PATHS = (
					"$(inherited)",
					"@executable_path/Frameworks",
				);
				PRODUCT_BUNDLE_IDENTIFIER = com.ioslab.ejemplo1;
				PRODUCT_NAME = "$(TARGET_NAME)";
				SWIFT_VERSION = 4.0;
				TARGETED_DEVICE_FAMILY = "1,2";
			};
			name = Release;
		};
/* End XCBuildConfiguration section */

/* Begin XCConfigurationList section */
		C15E3870212788BF002DE1C3 /* Build configuration list for PBXProject "ejemplo1" */ = {
			isa = XCConfigurationList;
			buildConfigurations = (
				C15E3885212788C0002DE1C3 /* Debug */,
				C15E3886212788C0002DE1C3 /* Release */,
			);
			defaultConfigurationIsVisible = 0;
			defaultConfigurationName = Release;
		};
		C15E3887212788C0002DE1C3 /* Build configuration list for PBXNativeTarget "ejemplo1" */ = {
			isa = XCConfigurationList;
			buildConfigurations = (
				C15E3888212788C0002DE1C3 /* Debug */,
				C15E3889212788C0002DE1C3 /* Release */,
			);
			defaultConfigurationIsVisible = 0;
			defaultConfigurationName = Release;
		};
/* End XCConfigurationList section */
	};
	rootObject = C15E386D212788BF002DE1C3 /* Project object */;
}
